
Microsoft Visual Studio Solution File, Format Version 12.00
# Visual Studio Version 16
VisualStudioVersion = 16.0.29418.71
MinimumVisualStudioVersion = 10.0.40219.1
Project("{8BC9CEB8-8B4A-11D0-8D11-00A0C91BC942}") = "01、OpenGL Window", "Window\Window.vcxproj", "{39806DEC-9DF6-41AE-83E6-9F657177AB82}"
EndProject
Project("{8BC9CEB8-8B4A-11D0-8D11-00A0C91BC942}") = "02、Triangle", "Triangle\Triangle.vcxproj", "{01C203EE-A736-43C2-B2BA-0481573A6CB8}"
EndProject
Project("{8BC9CEB8-8B4A-11D0-8D11-00A0C91BC942}") = "03、Rect", "Rect\Rect.vcxproj", "{9D49DBF3-E221-4D35-8EDE-4CF672D7A13B}"
EndProject
Project("{8BC9CEB8-8B4A-11D0-8D11-00A0C91BC942}") = "04、Shader", "Shader\Shader.vcxproj", "{9A1EDE19-0164-4B63-99FB-AAD7BF4A00C7}"
EndProject
Project("{8BC9CEB8-8B4A-11D0-8D11-00A0C91BC942}") = "05、Texture", "Texture\Texture.vcxproj", "{35362CF3-3AB7-4082-959D-E51FB0365C13}"
EndProject
Project("{8BC9CEB8-8B4A-11D0-8D11-00A0C91BC942}") = "06、3D", "3D\3D.vcxproj", "{48DDF466-F841-4831-9F44-BCC79A529C56}"
EndProject
Project("{8BC9CEB8-8B4A-11D0-8D11-00A0C91BC942}") = "07、Camera", "Camera\Camera.vcxproj", "{8DDA67EE-FD18-4560-BFC1-64764428CBD5}"
EndProject
Project("{8BC9CEB8-8B4A-11D0-8D11-00A0C91BC942}") = "09、LightSource", "8、Light\8、Light.vcxproj", "{532C471C-9B40-4F64-87EF-C83159A4614C}"
EndProject
Project("{8BC9CEB8-8B4A-11D0-8D11-00A0C91BC942}") = "00、Utils", "0、Utils\0、Utils.vcxproj", "{DC52DD4E-B235-4770-BE30-72FCBB8F2E8C}"
EndProject
Project("{8BC9CEB8-8B4A-11D0-8D11-00A0C91BC942}") = "08、Light", "9、LightSource\9、LightSource.vcxproj", "{1146DFF0-2720-4C65-9512-8BF11937A17B}"
EndProject
Project("{8BC9CEB8-8B4A-11D0-8D11-00A0C91BC942}") = "10、Model", "10、Model\10、Model.vcxproj", "{A99F6FBC-9EB0-45D4-A178-819144A36AB6}"
EndProject
Project("{8BC9CEB8-8B4A-11D0-8D11-00A0C91BC942}") = "11、FrameBuffer", "11、FrameBuffer\11、FrameBuffer.vcxproj", "{6E25898F-BA7A-45D0-B37C-146D2E6BAB4D}"
EndProject
Project("{8BC9CEB8-8B4A-11D0-8D11-00A0C91BC942}") = "12、Shadow", "11、Shadow\11、Shadow.vcxproj", "{C8D6EAE4-74B2-49D9-B96D-AC0E237D650B}"
EndProject
Global
	GlobalSection(SolutionConfigurationPlatforms) = preSolution
		Debug|x64 = Debug|x64
		Debug|x86 = Debug|x86
		Release|x64 = Release|x64
		Release|x86 = Release|x86
	EndGlobalSection
	GlobalSection(ProjectConfigurationPlatforms) = postSolution
		{39806DEC-9DF6-41AE-83E6-9F657177AB82}.Debug|x64.ActiveCfg = Debug|x64
		{39806DEC-9DF6-41AE-83E6-9F657177AB82}.Debug|x64.Build.0 = Debug|x64
		{39806DEC-9DF6-41AE-83E6-9F657177AB82}.Debug|x86.ActiveCfg = Debug|Win32
		{39806DEC-9DF6-41AE-83E6-9F657177AB82}.Debug|x86.Build.0 = Debug|Win32
		{39806DEC-9DF6-41AE-83E6-9F657177AB82}.Release|x64.ActiveCfg = Release|x64
		{39806DEC-9DF6-41AE-83E6-9F657177AB82}.Release|x64.Build.0 = Release|x64
		{39806DEC-9DF6-41AE-83E6-9F657177AB82}.Release|x86.ActiveCfg = Release|Win32
		{39806DEC-9DF6-41AE-83E6-9F657177AB82}.Release|x86.Build.0 = Release|Win32
		{01C203EE-A736-43C2-B2BA-0481573A6CB8}.Debug|x64.ActiveCfg = Debug|x64
		{01C203EE-A736-43C2-B2BA-0481573A6CB8}.Debug|x64.Build.0 = Debug|x64
		{01C203EE-A736-43C2-B2BA-0481573A6CB8}.Debug|x86.ActiveCfg = Debug|Win32
		{01C203EE-A736-43C2-B2BA-0481573A6CB8}.Debug|x86.Build.0 = Debug|Win32
		{01C203EE-A736-43C2-B2BA-0481573A6CB8}.Release|x64.ActiveCfg = Release|x64
		{01C203EE-A736-43C2-B2BA-0481573A6CB8}.Release|x64.Build.0 = Release|x64
		{01C203EE-A736-43C2-B2BA-0481573A6CB8}.Release|x86.ActiveCfg = Release|Win32
		{01C203EE-A736-43C2-B2BA-0481573A6CB8}.Release|x86.Build.0 = Release|Win32
		{9D49DBF3-E221-4D35-8EDE-4CF672D7A13B}.Debug|x64.ActiveCfg = Debug|x64
		{9D49DBF3-E221-4D35-8EDE-4CF672D7A13B}.Debug|x64.Build.0 = Debug|x64
		{9D49DBF3-E221-4D35-8EDE-4CF672D7A13B}.Debug|x86.ActiveCfg = Debug|Win32
		{9D49DBF3-E221-4D35-8EDE-4CF672D7A13B}.Debug|x86.Build.0 = Debug|Win32
		{9D49DBF3-E221-4D35-8EDE-4CF672D7A13B}.Release|x64.ActiveCfg = Release|x64
		{9D49DBF3-E221-4D35-8EDE-4CF672D7A13B}.Release|x64.Build.0 = Release|x64
		{9D49DBF3-E221-4D35-8EDE-4CF672D7A13B}.Release|x86.ActiveCfg = Release|Win32
		{9D49DBF3-E221-4D35-8EDE-4CF672D7A13B}.Release|x86.Build.0 = Release|Win32
		{9A1EDE19-0164-4B63-99FB-AAD7BF4A00C7}.Debug|x64.ActiveCfg = Debug|x64
		{9A1EDE19-0164-4B63-99FB-AAD7BF4A00C7}.Debug|x64.Build.0 = Debug|x64
		{9A1EDE19-0164-4B63-99FB-AAD7BF4A00C7}.Debug|x86.ActiveCfg = Debug|Win32
		{9A1EDE19-0164-4B63-99FB-AAD7BF4A00C7}.Debug|x86.Build.0 = Debug|Win32
		{9A1EDE19-0164-4B63-99FB-AAD7BF4A00C7}.Release|x64.ActiveCfg = Release|x64
		{9A1EDE19-0164-4B63-99FB-AAD7BF4A00C7}.Release|x64.Build.0 = Release|x64
		{9A1EDE19-0164-4B63-99FB-AAD7BF4A00C7}.Release|x86.ActiveCfg = Release|Win32
		{9A1EDE19-0164-4B63-99FB-AAD7BF4A00C7}.Release|x86.Build.0 = Release|Win32
		{35362CF3-3AB7-4082-959D-E51FB0365C13}.Debug|x64.ActiveCfg = Debug|x64
		{35362CF3-3AB7-4082-959D-E51FB0365C13}.Debug|x64.Build.0 = Debug|x64
		{35362CF3-3AB7-4082-959D-E51FB0365C13}.Debug|x86.ActiveCfg = Debug|Win32
		{35362CF3-3AB7-4082-959D-E51FB0365C13}.Debug|x86.Build.0 = Debug|Win32
		{35362CF3-3AB7-4082-959D-E51FB0365C13}.Release|x64.ActiveCfg = Release|x64
		{35362CF3-3AB7-4082-959D-E51FB0365C13}.Release|x64.Build.0 = Release|x64
		{35362CF3-3AB7-4082-959D-E51FB0365C13}.Release|x86.ActiveCfg = Release|Win32
		{35362CF3-3AB7-4082-959D-E51FB0365C13}.Release|x86.Build.0 = Release|Win32
		{48DDF466-F841-4831-9F44-BCC79A529C56}.Debug|x64.ActiveCfg = Debug|x64
		{48DDF466-F841-4831-9F44-BCC79A529C56}.Debug|x64.Build.0 = Debug|x64
		{48DDF466-F841-4831-9F44-BCC79A529C56}.Debug|x86.ActiveCfg = Debug|Win32
		{48DDF466-F841-4831-9F44-BCC79A529C56}.Debug|x86.Build.0 = Debug|Win32
		{48DDF466-F841-4831-9F44-BCC79A529C56}.Release|x64.ActiveCfg = Release|x64
		{48DDF466-F841-4831-9F44-BCC79A529C56}.Release|x64.Build.0 = Release|x64
		{48DDF466-F841-4831-9F44-BCC79A529C56}.Release|x86.ActiveCfg = Release|Win32
		{48DDF466-F841-4831-9F44-BCC79A529C56}.Release|x86.Build.0 = Release|Win32
		{8DDA67EE-FD18-4560-BFC1-64764428CBD5}.Debug|x64.ActiveCfg = Debug|x64
		{8DDA67EE-FD18-4560-BFC1-64764428CBD5}.Debug|x64.Build.0 = Debug|x64
		{8DDA67EE-FD18-4560-BFC1-64764428CBD5}.Debug|x86.ActiveCfg = Debug|Win32
		{8DDA67EE-FD18-4560-BFC1-64764428CBD5}.Debug|x86.Build.0 = Debug|Win32
		{8DDA67EE-FD18-4560-BFC1-64764428CBD5}.Release|x64.ActiveCfg = Release|x64
		{8DDA67EE-FD18-4560-BFC1-64764428CBD5}.Release|x64.Build.0 = Release|x64
		{8DDA67EE-FD18-4560-BFC1-64764428CBD5}.Release|x86.ActiveCfg = Release|Win32
		{8DDA67EE-FD18-4560-BFC1-64764428CBD5}.Release|x86.Build.0 = Release|Win32
		{532C471C-9B40-4F64-87EF-C83159A4614C}.Debug|x64.ActiveCfg = Debug|x64
		{532C471C-9B40-4F64-87EF-C83159A4614C}.Debug|x64.Build.0 = Debug|x64
		{532C471C-9B40-4F64-87EF-C83159A4614C}.Debug|x86.ActiveCfg = Debug|Win32
		{532C471C-9B40-4F64-87EF-C83159A4614C}.Debug|x86.Build.0 = Debug|Win32
		{532C471C-9B40-4F64-87EF-C83159A4614C}.Release|x64.ActiveCfg = Release|x64
		{532C471C-9B40-4F64-87EF-C83159A4614C}.Release|x64.Build.0 = Release|x64
		{532C471C-9B40-4F64-87EF-C83159A4614C}.Release|x86.ActiveCfg = Release|Win32
		{532C471C-9B40-4F64-87EF-C83159A4614C}.Release|x86.Build.0 = Release|Win32
		{DC52DD4E-B235-4770-BE30-72FCBB8F2E8C}.Debug|x64.ActiveCfg = Debug|x64
		{DC52DD4E-B235-4770-BE30-72FCBB8F2E8C}.Debug|x64.Build.0 = Debug|x64
		{DC52DD4E-B235-4770-BE30-72FCBB8F2E8C}.Debug|x86.ActiveCfg = Debug|Win32
		{DC52DD4E-B235-4770-BE30-72FCBB8F2E8C}.Debug|x86.Build.0 = Debug|Win32
		{DC52DD4E-B235-4770-BE30-72FCBB8F2E8C}.Release|x64.ActiveCfg = Release|x64
		{DC52DD4E-B235-4770-BE30-72FCBB8F2E8C}.Release|x64.Build.0 = Release|x64
		{DC52DD4E-B235-4770-BE30-72FCBB8F2E8C}.Release|x86.ActiveCfg = Release|Win32
		{DC52DD4E-B235-4770-BE30-72FCBB8F2E8C}.Release|x86.Build.0 = Release|Win32
		{1146DFF0-2720-4C65-9512-8BF11937A17B}.Debug|x64.ActiveCfg = Debug|x64
		{1146DFF0-2720-4C65-9512-8BF11937A17B}.Debug|x64.Build.0 = Debug|x64
		{1146DFF0-2720-4C65-9512-8BF11937A17B}.Debug|x86.ActiveCfg = Debug|Win32
		{1146DFF0-2720-4C65-9512-8BF11937A17B}.Debug|x86.Build.0 = Debug|Win32
		{1146DFF0-2720-4C65-9512-8BF11937A17B}.Release|x64.ActiveCfg = Release|x64
		{1146DFF0-2720-4C65-9512-8BF11937A17B}.Release|x64.Build.0 = Release|x64
		{1146DFF0-2720-4C65-9512-8BF11937A17B}.Release|x86.ActiveCfg = Release|Win32
		{1146DFF0-2720-4C65-9512-8BF11937A17B}.Release|x86.Build.0 = Release|Win32
		{A99F6FBC-9EB0-45D4-A178-819144A36AB6}.Debug|x64.ActiveCfg = Debug|x64
		{A99F6FBC-9EB0-45D4-A178-819144A36AB6}.Debug|x64.Build.0 = Debug|x64
		{A99F6FBC-9EB0-45D4-A178-819144A36AB6}.Debug|x86.ActiveCfg = Debug|Win32
		{A99F6FBC-9EB0-45D4-A178-819144A36AB6}.Debug|x86.Build.0 = Debug|Win32
		{A99F6FBC-9EB0-45D4-A178-819144A36AB6}.Release|x64.ActiveCfg = Release|x64
		{A99F6FBC-9EB0-45D4-A178-819144A36AB6}.Release|x64.Build.0 = Release|x64
		{A99F6FBC-9EB0-45D4-A178-819144A36AB6}.Release|x86.ActiveCfg = Release|Win32
		{A99F6FBC-9EB0-45D4-A178-819144A36AB6}.Release|x86.Build.0 = Release|Win32
		{6E25898F-BA7A-45D0-B37C-146D2E6BAB4D}.Debug|x64.ActiveCfg = Debug|x64
		{6E25898F-BA7A-45D0-B37C-146D2E6BAB4D}.Debug|x64.Build.0 = Debug|x64
		{6E25898F-BA7A-45D0-B37C-146D2E6BAB4D}.Debug|x86.ActiveCfg = Debug|Win32
		{6E25898F-BA7A-45D0-B37C-146D2E6BAB4D}.Debug|x86.Build.0 = Debug|Win32
		{6E25898F-BA7A-45D0-B37C-146D2E6BAB4D}.Release|x64.ActiveCfg = Release|x64
		{6E25898F-BA7A-45D0-B37C-146D2E6BAB4D}.Release|x64.Build.0 = Release|x64
		{6E25898F-BA7A-45D0-B37C-146D2E6BAB4D}.Release|x86.ActiveCfg = Release|Win32
		{6E25898F-BA7A-45D0-B37C-146D2E6BAB4D}.Release|x86.Build.0 = Release|Win32
		{C8D6EAE4-74B2-49D9-B96D-AC0E237D650B}.Debug|x64.ActiveCfg = Debug|x64
		{C8D6EAE4-74B2-49D9-B96D-AC0E237D650B}.Debug|x64.Build.0 = Debug|x64
		{C8D6EAE4-74B2-49D9-B96D-AC0E237D650B}.Debug|x86.ActiveCfg = Debug|Win32
		{C8D6EAE4-74B2-49D9-B96D-AC0E237D650B}.Debug|x86.Build.0 = Debug|Win32
		{C8D6EAE4-74B2-49D9-B96D-AC0E237D650B}.Release|x64.ActiveCfg = Release|x64
		{C8D6EAE4-74B2-49D9-B96D-AC0E237D650B}.Release|x64.Build.0 = Release|x64
		{C8D6EAE4-74B2-49D9-B96D-AC0E237D650B}.Release|x86.ActiveCfg = Release|Win32
		{C8D6EAE4-74B2-49D9-B96D-AC0E237D650B}.Release|x86.Build.0 = Release|Win32
	EndGlobalSection
	GlobalSection(SolutionProperties) = preSolution
		HideSolutionNode = FALSE
	EndGlobalSection
	GlobalSection(ExtensibilityGlobals) = postSolution
		SolutionGuid = {0FECCC02-D355-4BDB-BF7F-E92897DA162D}
	EndGlobalSection
EndGlobal
